
Microsoft Visual Studio Solution File, Format Version 12.00
# Visual Studio Version 16
VisualStudioVersion = 16.0.30413.136
MinimumVisualStudioVersion = 10.0.40219.1
Project("{FAE04EC0-301F-11D3-BF4B-00C04F79EFBC}") = "AC_linoleja_ieklasana", "AC_linoleja_ieklasana\AC_linoleja_ieklasana.csproj", "{23CCDFDD-470F-4587-BC26-2F53CD3B1818}"
EndProject
Global
	GlobalSection(SolutionConfigurationPlatforms) = preSolution
		Debug|Any CPU = Debug|Any CPU
		Release|Any CPU = Release|Any CPU
	EndGlobalSection
	GlobalSection(ProjectConfigurationPlatforms) = postSolution
		{23CCDFDD-470F-4587-BC26-2F53CD3B1818}.Debug|Any CPU.ActiveCfg = Debug|Any CPU
		{23CCDFDD-470F-4587-BC26-2F53CD3B1818}.Debug|Any CPU.Build.0 = Debug|Any CPU
		{23CCDFDD-470F-4587-BC26-2F53CD3B1818}.Release|Any CPU.ActiveCfg = Release|Any CPU
		{23CCDFDD-470F-4587-BC26-2F53CD3B1818}.Release|Any CPU.Build.0 = Release|Any CPU
	EndGlobalSection
	GlobalSection(SolutionProperties) = preSolution
		HideSolutionNode = FALSE
	EndGlobalSection
	GlobalSection(ExtensibilityGlobals) = postSolution
		SolutionGuid = {C71DFC01-54B4-4A77-A6D4-3808AFD82217}
	EndGlobalSection
EndGlobal
